// !$*UTF8*$!
{
	archiveVersion = 1;
	classes = {
	};
	objectVersion = 51;
	objects = {

/* Begin PBXBuildFile section */
		310D0679251B2276009AF455 /* Constants.swift in Sources */ = {isa = PBXBuildFile; fileRef = 310D0678251B2276009AF455 /* Constants.swift */; };
		31782D372519F21400D77CA8 /* AppDelegate.swift in Sources */ = {isa = PBXBuildFile; fileRef = 31782D362519F21400D77CA8 /* AppDelegate.swift */; };
		31782D412519F21400D77CA8 /* MovieViewer.xcdatamodeld in Sources */ = {isa = PBXBuildFile; fileRef = 31782D3F2519F21400D77CA8 /* MovieViewer.xcdatamodeld */; };
		31782D432519F21700D77CA8 /* Assets.xcassets in Resources */ = {isa = PBXBuildFile; fileRef = 31782D422519F21700D77CA8 /* Assets.xcassets */; };
		31782D462519F21700D77CA8 /* LaunchScreen.storyboard in Resources */ = {isa = PBXBuildFile; fileRef = 31782D442519F21700D77CA8 /* LaunchScreen.storyboard */; };
		31782D562519F56600D77CA8 /* WatchNowViewController.swift in Sources */ = {isa = PBXBuildFile; fileRef = 31782D552519F56600D77CA8 /* WatchNowViewController.swift */; };
		31782D592519F6A100D77CA8 /* Movie.swift in Sources */ = {isa = PBXBuildFile; fileRef = 31782D582519F6A100D77CA8 /* Movie.swift */; };
		31782D5C2519F72300D77CA8 /* WatchNowPresenter.swift in Sources */ = {isa = PBXBuildFile; fileRef = 31782D5B2519F72300D77CA8 /* WatchNowPresenter.swift */; };
		31782D69251A09BC00D77CA8 /* MovieCell.swift in Sources */ = {isa = PBXBuildFile; fileRef = 31782D68251A09BC00D77CA8 /* MovieCell.swift */; };
		318FA3F2251A44FC0059C3FB /* NetworkManager.swift in Sources */ = {isa = PBXBuildFile; fileRef = 318FA3F1251A44FC0059C3FB /* NetworkManager.swift */; };
		318FA3F7251A68BB0059C3FB /* DetailViewController.swift in Sources */ = {isa = PBXBuildFile; fileRef = 318FA3F6251A68BB0059C3FB /* DetailViewController.swift */; };
		318FA3FA251A68C90059C3FB /* DetailPresenter.swift in Sources */ = {isa = PBXBuildFile; fileRef = 318FA3F9251A68C90059C3FB /* DetailPresenter.swift */; };
		31B44850251A80D3006FBF33 /* FavoriteViewController.swift in Sources */ = {isa = PBXBuildFile; fileRef = 31B4484F251A80D3006FBF33 /* FavoriteViewController.swift */; };
		31B44856251A81B8006FBF33 /* MoviesPresenter.swift in Sources */ = {isa = PBXBuildFile; fileRef = 31B44855251A81B8006FBF33 /* MoviesPresenter.swift */; };
		31B44859251A82AE006FBF33 /* FavoriteMoviesPresenter.swift in Sources */ = {isa = PBXBuildFile; fileRef = 31B44858251A82AE006FBF33 /* FavoriteMoviesPresenter.swift */; };
		31B4485E251A85B6006FBF33 /* FavoriteMovie+CoreDataClass.swift in Sources */ = {isa = PBXBuildFile; fileRef = 31B4485D251A85B6006FBF33 /* FavoriteMovie+CoreDataClass.swift */; };
		31B4485F251A85B6006FBF33 /* FavoriteMovie+CoreDataProperties.swift in Sources */ = {isa = PBXBuildFile; fileRef = 31B4485C251A85B5006FBF33 /* FavoriteMovie+CoreDataProperties.swift */; };
		A465180E4FBED792F00E2F67 /* Pods_MovieViewer.framework in Frameworks */ = {isa = PBXBuildFile; fileRef = 7B69767965254A918650824B /* Pods_MovieViewer.framework */; };
/* End PBXBuildFile section */

/* Begin PBXFileReference section */
		310D0678251B2276009AF455 /* Constants.swift */ = {isa = PBXFileReference; lastKnownFileType = sourcecode.swift; path = Constants.swift; sourceTree = "<group>"; };
		31782D332519F21400D77CA8 /* MovieViewer.app */ = {isa = PBXFileReference; explicitFileType = wrapper.application; includeInIndex = 0; path = MovieViewer.app; sourceTree = BUILT_PRODUCTS_DIR; };
		31782D362519F21400D77CA8 /* AppDelegate.swift */ = {isa = PBXFileReference; lastKnownFileType = sourcecode.swift; path = AppDelegate.swift; sourceTree = "<group>"; };
		31782D402519F21400D77CA8 /* MovieViewer.xcdatamodel */ = {isa = PBXFileReference; lastKnownFileType = wrapper.xcdatamodel; path = MovieViewer.xcdatamodel; sourceTree = "<group>"; };
		31782D422519F21700D77CA8 /* Assets.xcassets */ = {isa = PBXFileReference; lastKnownFileType = folder.assetcatalog; path = Assets.xcassets; sourceTree = "<group>"; };
		31782D452519F21700D77CA8 /* Base */ = {isa = PBXFileReference; lastKnownFileType = file.storyboard; name = Base; path = Base.lproj/LaunchScreen.storyboard; sourceTree = "<group>"; };
		31782D472519F21700D77CA8 /* Info.plist */ = {isa = PBXFileReference; lastKnownFileType = text.plist.xml; path = Info.plist; sourceTree = "<group>"; };
		31782D552519F56600D77CA8 /* WatchNowViewController.swift */ = {isa = PBXFileReference; lastKnownFileType = sourcecode.swift; path = WatchNowViewController.swift; sourceTree = "<group>"; };
		31782D582519F6A100D77CA8 /* Movie.swift */ = {isa = PBXFileReference; lastKnownFileType = sourcecode.swift; path = Movie.swift; sourceTree = "<group>"; };
		31782D5B2519F72300D77CA8 /* WatchNowPresenter.swift */ = {isa = PBXFileReference; lastKnownFileType = sourcecode.swift; path = WatchNowPresenter.swift; sourceTree = "<group>"; };
		31782D68251A09BC00D77CA8 /* MovieCell.swift */ = {isa = PBXFileReference; lastKnownFileType = sourcecode.swift; path = MovieCell.swift; sourceTree = "<group>"; };
		318FA3F1251A44FC0059C3FB /* NetworkManager.swift */ = {isa = PBXFileReference; lastKnownFileType = sourcecode.swift; path = NetworkManager.swift; sourceTree = "<group>"; };
		318FA3F6251A68BB0059C3FB /* DetailViewController.swift */ = {isa = PBXFileReference; lastKnownFileType = sourcecode.swift; path = DetailViewController.swift; sourceTree = "<group>"; };
		318FA3F9251A68C90059C3FB /* DetailPresenter.swift */ = {isa = PBXFileReference; lastKnownFileType = sourcecode.swift; path = DetailPresenter.swift; sourceTree = "<group>"; };
		31B4484F251A80D3006FBF33 /* FavoriteViewController.swift */ = {isa = PBXFileReference; lastKnownFileType = sourcecode.swift; path = FavoriteViewController.swift; sourceTree = "<group>"; };
		31B44855251A81B8006FBF33 /* MoviesPresenter.swift */ = {isa = PBXFileReference; lastKnownFileType = sourcecode.swift; path = MoviesPresenter.swift; sourceTree = "<group>"; };
		31B44858251A82AE006FBF33 /* FavoriteMoviesPresenter.swift */ = {isa = PBXFileReference; lastKnownFileType = sourcecode.swift; path = FavoriteMoviesPresenter.swift; sourceTree = "<group>"; };
		31B4485C251A85B5006FBF33 /* FavoriteMovie+CoreDataProperties.swift */ = {isa = PBXFileReference; lastKnownFileType = sourcecode.swift; name = "FavoriteMovie+CoreDataProperties.swift"; path = "/Users/andriimoisol/Desktop/MovieViewer/MovieViewer/FavoriteMovie+CoreDataProperties.swift"; sourceTree = "<absolute>"; };
		31B4485D251A85B6006FBF33 /* FavoriteMovie+CoreDataClass.swift */ = {isa = PBXFileReference; lastKnownFileType = sourcecode.swift; name = "FavoriteMovie+CoreDataClass.swift"; path = "/Users/andriimoisol/Desktop/MovieViewer/MovieViewer/FavoriteMovie+CoreDataClass.swift"; sourceTree = "<absolute>"; };
		7B69767965254A918650824B /* Pods_MovieViewer.framework */ = {isa = PBXFileReference; explicitFileType = wrapper.framework; includeInIndex = 0; path = Pods_MovieViewer.framework; sourceTree = BUILT_PRODUCTS_DIR; };
		D287EDFA28BC7EA13AE95276 /* Pods-MovieViewer.debug.xcconfig */ = {isa = PBXFileReference; includeInIndex = 1; lastKnownFileType = text.xcconfig; name = "Pods-MovieViewer.debug.xcconfig"; path = "Target Support Files/Pods-MovieViewer/Pods-MovieViewer.debug.xcconfig"; sourceTree = "<group>"; };
		D2D38E8F6C7EB099624C70BB /* Pods-MovieViewer.release.xcconfig */ = {isa = PBXFileReference; includeInIndex = 1; lastKnownFileType = text.xcconfig; name = "Pods-MovieViewer.release.xcconfig"; path = "Target Support Files/Pods-MovieViewer/Pods-MovieViewer.release.xcconfig"; sourceTree = "<group>"; };
/* End PBXFileReference section */

/* Begin PBXFrameworksBuildPhase section */
		31782D302519F21400D77CA8 /* Frameworks */ = {
			isa = PBXFrameworksBuildPhase;
			buildActionMask = 2147483647;
			files = (
				A465180E4FBED792F00E2F67 /* Pods_MovieViewer.framework in Frameworks */,
			);
			runOnlyForDeploymentPostprocessing = 0;
		};
/* End PBXFrameworksBuildPhase section */

/* Begin PBXGroup section */
		31782D2A2519F21400D77CA8 = {
			isa = PBXGroup;
			children = (
				31782D352519F21400D77CA8 /* MovieViewer */,
				31782D342519F21400D77CA8 /* Products */,
				F69454B3F914680E3D7EB7EE /* Pods */,
				C4530C36E35E56FA829400D7 /* Frameworks */,
			);
			sourceTree = "<group>";
		};
		31782D342519F21400D77CA8 /* Products */ = {
			isa = PBXGroup;
			children = (
				31782D332519F21400D77CA8 /* MovieViewer.app */,
			);
			name = Products;
			sourceTree = "<group>";
		};
		31782D352519F21400D77CA8 /* MovieViewer */ = {
			isa = PBXGroup;
			children = (
				31B4485D251A85B6006FBF33 /* FavoriteMovie+CoreDataClass.swift */,
				31B4485C251A85B5006FBF33 /* FavoriteMovie+CoreDataProperties.swift */,
				318FA3F4251A45010059C3FB /* Utils */,
				31782D522519F3B200D77CA8 /* Presenter */,
				31782D4E2519F39F00D77CA8 /* View */,
				31782D512519F3AB00D77CA8 /* Model */,
				31782D362519F21400D77CA8 /* AppDelegate.swift */,
				31782D422519F21700D77CA8 /* Assets.xcassets */,
				31782D442519F21700D77CA8 /* LaunchScreen.storyboard */,
				31782D472519F21700D77CA8 /* Info.plist */,
				31782D3F2519F21400D77CA8 /* MovieViewer.xcdatamodeld */,
			);
			path = MovieViewer;
			sourceTree = "<group>";
		};
		31782D4E2519F39F00D77CA8 /* View */ = {
			isa = PBXGroup;
			children = (
				31782D68251A09BC00D77CA8 /* MovieCell.swift */,
				31782D552519F56600D77CA8 /* WatchNowViewController.swift */,
				318FA3F6251A68BB0059C3FB /* DetailViewController.swift */,
				31B4484F251A80D3006FBF33 /* FavoriteViewController.swift */,
			);
			path = View;
			sourceTree = "<group>";
		};
		31782D512519F3AB00D77CA8 /* Model */ = {
			isa = PBXGroup;
			children = (
				31782D582519F6A100D77CA8 /* Movie.swift */,
			);
			path = Model;
			sourceTree = "<group>";
		};
		31782D522519F3B200D77CA8 /* Presenter */ = {
			isa = PBXGroup;
			children = (
				31782D5B2519F72300D77CA8 /* WatchNowPresenter.swift */,
				318FA3F9251A68C90059C3FB /* DetailPresenter.swift */,
				31B44855251A81B8006FBF33 /* MoviesPresenter.swift */,
				31B44858251A82AE006FBF33 /* FavoriteMoviesPresenter.swift */,
			);
			path = Presenter;
			sourceTree = "<group>";
		};
		318FA3F4251A45010059C3FB /* Utils */ = {
			isa = PBXGroup;
			children = (
				318FA3F1251A44FC0059C3FB /* NetworkManager.swift */,
				310D0678251B2276009AF455 /* Constants.swift */,
			);
			path = Utils;
			sourceTree = "<group>";
		};
		C4530C36E35E56FA829400D7 /* Frameworks */ = {
			isa = PBXGroup;
			children = (
				7B69767965254A918650824B /* Pods_MovieViewer.framework */,
			);
			name = Frameworks;
			sourceTree = "<group>";
		};
		F69454B3F914680E3D7EB7EE /* Pods */ = {
			isa = PBXGroup;
			children = (
				D287EDFA28BC7EA13AE95276 /* Pods-MovieViewer.debug.xcconfig */,
				D2D38E8F6C7EB099624C70BB /* Pods-MovieViewer.release.xcconfig */,
			);
			path = Pods;
			sourceTree = "<group>";
		};
/* End PBXGroup section */

/* Begin PBXNativeTarget section */
		31782D322519F21400D77CA8 /* MovieViewer */ = {
			isa = PBXNativeTarget;
			buildConfigurationList = 31782D4A2519F21700D77CA8 /* Build configuration list for PBXNativeTarget "MovieViewer" */;
			buildPhases = (
				EAD7F98156D638EE095BF591 /* [CP] Check Pods Manifest.lock */,
				31782D2F2519F21400D77CA8 /* Sources */,
				31782D302519F21400D77CA8 /* Frameworks */,
				31782D312519F21400D77CA8 /* Resources */,
				6912F515351DB6EFBEB31DA4 /* [CP] Embed Pods Frameworks */,
			);
			buildRules = (
			);
			dependencies = (
			);
			name = MovieViewer;
			productName = MovieViewer;
			productReference = 31782D332519F21400D77CA8 /* MovieViewer.app */;
			productType = "com.apple.product-type.application";
		};
/* End PBXNativeTarget section */

/* Begin PBXProject section */
		31782D2B2519F21400D77CA8 /* Project object */ = {
			isa = PBXProject;
			attributes = {
				LastSwiftUpdateCheck = 1200;
				LastUpgradeCheck = 1200;
				TargetAttributes = {
					31782D322519F21400D77CA8 = {
						CreatedOnToolsVersion = 12.0;
					};
				};
			};
			buildConfigurationList = 31782D2E2519F21400D77CA8 /* Build configuration list for PBXProject "MovieViewer" */;
			compatibilityVersion = "Xcode 9.3";
			developmentRegion = en;
			hasScannedForEncodings = 0;
			knownRegions = (
				en,
				Base,
			);
			mainGroup = 31782D2A2519F21400D77CA8;
			productRefGroup = 31782D342519F21400D77CA8 /* Products */;
			projectDirPath = "";
			projectRoot = "";
			targets = (
				31782D322519F21400D77CA8 /* MovieViewer */,
			);
		};
/* End PBXProject section */

/* Begin PBXResourcesBuildPhase section */
		31782D312519F21400D77CA8 /* Resources */ = {
			isa = PBXResourcesBuildPhase;
			buildActionMask = 2147483647;
			files = (
				31782D462519F21700D77CA8 /* LaunchScreen.storyboard in Resources */,
				31782D432519F21700D77CA8 /* Assets.xcassets in Resources */,
			);
			runOnlyForDeploymentPostprocessing = 0;
		};
/* End PBXResourcesBuildPhase section */

/* Begin PBXShellScriptBuildPhase section */
		6912F515351DB6EFBEB31DA4 /* [CP] Embed Pods Frameworks */ = {
			isa = PBXShellScriptBuildPhase;
			buildActionMask = 2147483647;
			files = (
			);
			inputFileListPaths = (
				"${PODS_ROOT}/Target Support Files/Pods-MovieViewer/Pods-MovieViewer-frameworks-${CONFIGURATION}-input-files.xcfilelist",
			);
			name = "[CP] Embed Pods Frameworks";
			outputFileListPaths = (
				"${PODS_ROOT}/Target Support Files/Pods-MovieViewer/Pods-MovieViewer-frameworks-${CONFIGURATION}-output-files.xcfilelist",
			);
			runOnlyForDeploymentPostprocessing = 0;
			shellPath = /bin/sh;
			shellScript = "\"${PODS_ROOT}/Target Support Files/Pods-MovieViewer/Pods-MovieViewer-frameworks.sh\"\n";
			showEnvVarsInLog = 0;
		};
		EAD7F98156D638EE095BF591 /* [CP] Check Pods Manifest.lock */ = {
			isa = PBXShellScriptBuildPhase;
			buildActionMask = 2147483647;
			files = (
			);
			inputFileListPaths = (
			);
			inputPaths = (
				"${PODS_PODFILE_DIR_PATH}/Podfile.lock",
				"${PODS_ROOT}/Manifest.lock",
			);
			name = "[CP] Check Pods Manifest.lock";
			outputFileListPaths = (
			);
			outputPaths = (
				"$(DERIVED_FILE_DIR)/Pods-MovieViewer-checkManifestLockResult.txt",
			);
			runOnlyForDeploymentPostprocessing = 0;
			shellPath = /bin/sh;
			shellScript = "diff \"${PODS_PODFILE_DIR_PATH}/Podfile.lock\" \"${PODS_ROOT}/Manifest.lock\" > /dev/null\nif [ $? != 0 ] ; then\n    # print error to STDERR\n    echo \"error: The sandbox is not in sync with the Podfile.lock. Run 'pod install' or update your CocoaPods installation.\" >&2\n    exit 1\nfi\n# This output is used by Xcode 'outputs' to avoid re-running this script phase.\necho \"SUCCESS\" > \"${SCRIPT_OUTPUT_FILE_0}\"\n";
			showEnvVarsInLog = 0;
		};
/* End PBXShellScriptBuildPhase section */

/* Begin PBXSourcesBuildPhase section */
		31782D2F2519F21400D77CA8 /* Sources */ = {
			isa = PBXSourcesBuildPhase;
			buildActionMask = 2147483647;
			files = (
				31782D372519F21400D77CA8 /* AppDelegate.swift in Sources */,
				31782D562519F56600D77CA8 /* WatchNowViewController.swift in Sources */,
				318FA3FA251A68C90059C3FB /* DetailPresenter.swift in Sources */,
				31782D69251A09BC00D77CA8 /* MovieCell.swift in Sources */,
				31B44859251A82AE006FBF33 /* FavoriteMoviesPresenter.swift in Sources */,
				310D0679251B2276009AF455 /* Constants.swift in Sources */,
				318FA3F2251A44FC0059C3FB /* NetworkManager.swift in Sources */,
				31B4485E251A85B6006FBF33 /* FavoriteMovie+CoreDataClass.swift in Sources */,
				31B44856251A81B8006FBF33 /* MoviesPresenter.swift in Sources */,
				31782D412519F21400D77CA8 /* MovieViewer.xcdatamodeld in Sources */,
				31782D5C2519F72300D77CA8 /* WatchNowPresenter.swift in Sources */,
				31782D592519F6A100D77CA8 /* Movie.swift in Sources */,
				31B44850251A80D3006FBF33 /* FavoriteViewController.swift in Sources */,
				31B4485F251A85B6006FBF33 /* FavoriteMovie+CoreDataProperties.swift in Sources */,
				318FA3F7251A68BB0059C3FB /* DetailViewController.swift in Sources */,
			);
			runOnlyForDeploymentPostprocessing = 0;
		};
/* End PBXSourcesBuildPhase section */

/* Begin PBXVariantGroup section */
		31782D442519F21700D77CA8 /* LaunchScreen.storyboard */ = {
			isa = PBXVariantGroup;
			children = (
				31782D452519F21700D77CA8 /* Base */,
			);
			name = LaunchScreen.storyboard;
			sourceTree = "<group>";
		};
/* End PBXVariantGroup section */

/* Begin XCBuildConfiguration section */
		31782D482519F21700D77CA8 /* Debug */ = {
			isa = XCBuildConfiguration;
			buildSettings = {
				ALWAYS_SEARCH_USER_PATHS = NO;
				CLANG_ANALYZER_NONNULL = YES;
				CLANG_ANALYZER_NUMBER_OBJECT_CONVERSION = YES_AGGRESSIVE;
				CLANG_CXX_LANGUAGE_STANDARD = "gnu++14";
				CLANG_CXX_LIBRARY = "libc++";
				CLANG_ENABLE_MODULES = YES;
				CLANG_ENABLE_OBJC_ARC = YES;
				CLANG_ENABLE_OBJC_WEAK = YES;
				CLANG_WARN_BLOCK_CAPTURE_AUTORELEASING = YES;
				CLANG_WARN_BOOL_CONVERSION = YES;
				CLANG_WARN_COMMA = YES;
				CLANG_WARN_CONSTANT_CONVERSION = YES;
				CLANG_WARN_DEPRECATED_OBJC_IMPLEMENTATIONS = YES;
				CLANG_WARN_DIRECT_OBJC_ISA_USAGE = YES_ERROR;
				CLANG_WARN_DOCUMENTATION_COMMENTS = YES;
				CLANG_WARN_EMPTY_BODY = YES;
				CLANG_WARN_ENUM_CONVERSION = YES;
				CLANG_WARN_INFINITE_RECURSION = YES;
				CLANG_WARN_INT_CONVERSION = YES;
				CLANG_WARN_NON_LITERAL_NULL_CONVERSION = YES;
				CLANG_WARN_OBJC_IMPLICIT_RETAIN_SELF = YES;
				CLANG_WARN_OBJC_LITERAL_CONVERSION = YES;
				CLANG_WARN_OBJC_ROOT_CLASS = YES_ERROR;
				CLANG_WARN_QUOTED_INCLUDE_IN_FRAMEWORK_HEADER = YES;
				CLANG_WARN_RANGE_LOOP_ANALYSIS = YES;
				CLANG_WARN_STRICT_PROTOTYPES = YES;
				CLANG_WARN_SUSPICIOUS_MOVE = YES;
				CLANG_WARN_UNGUARDED_AVAILABILITY = YES_AGGRESSIVE;
				CLANG_WARN_UNREACHABLE_CODE = YES;
				CLANG_WARN__DUPLICATE_METHOD_MATCH = YES;
				COPY_PHASE_STRIP = NO;
				DEBUG_INFORMATION_FORMAT = dwarf;
				ENABLE_STRICT_OBJC_MSGSEND = YES;
				ENABLE_TESTABILITY = YES;
				GCC_C_LANGUAGE_STANDARD = gnu11;
				GCC_DYNAMIC_NO_PIC = NO;
				GCC_NO_COMMON_BLOCKS = YES;
				GCC_OPTIMIZATION_LEVEL = 0;
				GCC_PREPROCESSOR_DEFINITIONS = (
					"DEBUG=1",
					"$(inherited)",
				);
				GCC_WARN_64_TO_32_BIT_CONVERSION = YES;
				GCC_WARN_ABOUT_RETURN_TYPE = YES_ERROR;
				GCC_WARN_UNDECLARED_SELECTOR = YES;
				GCC_WARN_UNINITIALIZED_AUTOS = YES_AGGRESSIVE;
				GCC_WARN_UNUSED_FUNCTION = YES;
				GCC_WARN_UNUSED_VARIABLE = YES;
				IPHONEOS_DEPLOYMENT_TARGET = 14.0;
				MTL_ENABLE_DEBUG_INFO = INCLUDE_SOURCE;
				MTL_FAST_MATH = YES;
				ONLY_ACTIVE_ARCH = YES;
				SDKROOT = iphoneos;
				SWIFT_ACTIVE_COMPILATION_CONDITIONS = DEBUG;
				SWIFT_OPTIMIZATION_LEVEL = "-Onone";
			};
			name = Debug;
		};
		31782D492519F21700D77CA8 /* Release */ = {
			isa = XCBuildConfiguration;
			buildSettings = {
				ALWAYS_SEARCH_USER_PATHS = NO;
				CLANG_ANALYZER_NONNULL = YES;
				CLANG_ANALYZER_NUMBER_OBJECT_CONVERSION = YES_AGGRESSIVE;
				CLANG_CXX_LANGUAGE_STANDARD = "gnu++14";
				CLANG_CXX_LIBRARY = "libc++";
				CLANG_ENABLE_MODULES = YES;
				CLANG_ENABLE_OBJC_ARC = YES;
				CLANG_ENABLE_OBJC_WEAK = YES;
				CLANG_WARN_BLOCK_CAPTURE_AUTORELEASING = YES;
				CLANG_WARN_BOOL_CONVERSION = YES;
				CLANG_WARN_COMMA = YES;
				CLANG_WARN_CONSTANT_CONVERSION = YES;
				CLANG_WARN_DEPRECATED_OBJC_IMPLEMENTATIONS = YES;
				CLANG_WARN_DIRECT_OBJC_ISA_USAGE = YES_ERROR;
				CLANG_WARN_DOCUMENTATION_COMMENTS = YES;
				CLANG_WARN_EMPTY_BODY = YES;
				CLANG_WARN_ENUM_CONVERSION = YES;
				CLANG_WARN_INFINITE_RECURSION = YES;
				CLANG_WARN_INT_CONVERSION = YES;
				CLANG_WARN_NON_LITERAL_NULL_CONVERSION = YES;
				CLANG_WARN_OBJC_IMPLICIT_RETAIN_SELF = YES;
				CLANG_WARN_OBJC_LITERAL_CONVERSION = YES;
				CLANG_WARN_OBJC_ROOT_CLASS = YES_ERROR;
				CLANG_WARN_QUOTED_INCLUDE_IN_FRAMEWORK_HEADER = YES;
				CLANG_WARN_RANGE_LOOP_ANALYSIS = YES;
				CLANG_WARN_STRICT_PROTOTYPES = YES;
				CLANG_WARN_SUSPICIOUS_MOVE = YES;
				CLANG_WARN_UNGUARDED_AVAILABILITY = YES_AGGRESSIVE;
				CLANG_WARN_UNREACHABLE_CODE = YES;
				CLANG_WARN__DUPLICATE_METHOD_MATCH = YES;
				COPY_PHASE_STRIP = NO;
				DEBUG_INFORMATION_FORMAT = "dwarf-with-dsym";
				ENABLE_NS_ASSERTIONS = NO;
				ENABLE_STRICT_OBJC_MSGSEND = YES;
				GCC_C_LANGUAGE_STANDARD = gnu11;
				GCC_NO_COMMON_BLOCKS = YES;
				GCC_WARN_64_TO_32_BIT_CONVERSION = YES;
				GCC_WARN_ABOUT_RETURN_TYPE = YES_ERROR;
				GCC_WARN_UNDECLARED_SELECTOR = YES;
				GCC_WARN_UNINITIALIZED_AUTOS = YES_AGGRESSIVE;
				GCC_WARN_UNUSED_FUNCTION = YES;
				GCC_WARN_UNUSED_VARIABLE = YES;
				IPHONEOS_DEPLOYMENT_TARGET = 14.0;
				MTL_ENABLE_DEBUG_INFO = NO;
				MTL_FAST_MATH = YES;
				SDKROOT = iphoneos;
				SWIFT_COMPILATION_MODE = wholemodule;
				SWIFT_OPTIMIZATION_LEVEL = "-O";
				VALIDATE_PRODUCT = YES;
			};
			name = Release;
		};
		31782D4B2519F21700D77CA8 /* Debug */ = {
			isa = XCBuildConfiguration;
			baseConfigurationReference = D287EDFA28BC7EA13AE95276 /* Pods-MovieViewer.debug.xcconfig */;
			buildSettings = {
				ASSETCATALOG_COMPILER_APPICON_NAME = AppIcon;
				ASSETCATALOG_COMPILER_GLOBAL_ACCENT_COLOR_NAME = AccentColor;
				CODE_SIGN_STYLE = Automatic;
				DEVELOPMENT_TEAM = W25X3836JP;
				INFOPLIST_FILE = MovieViewer/Info.plist;
				LD_RUNPATH_SEARCH_PATHS = (
					"$(inherited)",
					"@executable_path/Frameworks",
				);
				PRODUCT_BUNDLE_IDENTIFIER = com.andriimoisol.MovieViewer;
				PRODUCT_NAME = "$(TARGET_NAME)";
				SWIFT_VERSION = 5.0;
				TARGETED_DEVICE_FAMILY = "1,2";
			};
			name = Debug;
		};
		31782D4C2519F21700D77CA8 /* Release */ = {
			isa = XCBuildConfiguration;
			baseConfigurationReference = D2D38E8F6C7EB099624C70BB /* Pods-MovieViewer.release.xcconfig */;
			buildSettings = {
				ASSETCATALOG_COMPILER_APPICON_NAME = AppIcon;
				ASSETCATALOG_COMPILER_GLOBAL_ACCENT_COLOR_NAME = AccentColor;
				CODE_SIGN_STYLE = Automatic;
				DEVELOPMENT_TEAM = W25X3836JP;
				INFOPLIST_FILE = MovieViewer/Info.plist;
				LD_RUNPATH_SEARCH_PATHS = (
					"$(inherited)",
					"@executable_path/Frameworks",
				);
				PRODUCT_BUNDLE_IDENTIFIER = com.andriimoisol.MovieViewer;
				PRODUCT_NAME = "$(TARGET_NAME)";
				SWIFT_VERSION = 5.0;
				TARGETED_DEVICE_FAMILY = "1,2";
			};
			name = Release;
		};
/* End XCBuildConfiguration section */

/* Begin XCConfigurationList section */
		31782D2E2519F21400D77CA8 /* Build configuration list for PBXProject "MovieViewer" */ = {
			isa = XCConfigurationList;
			buildConfigurations = (
				31782D482519F21700D77CA8 /* Debug */,
				31782D492519F21700D77CA8 /* Release */,
			);
			defaultConfigurationIsVisible = 0;
			defaultConfigurationName = Release;
		};
		31782D4A2519F21700D77CA8 /* Build configuration list for PBXNativeTarget "MovieViewer" */ = {
			isa = XCConfigurationList;
			buildConfigurations = (
				31782D4B2519F21700D77CA8 /* Debug */,
				31782D4C2519F21700D77CA8 /* Release */,
			);
			defaultConfigurationIsVisible = 0;
			defaultConfigurationName = Release;
		};
/* End XCConfigurationList section */

/* Begin XCVersionGroup section */
		31782D3F2519F21400D77CA8 /* MovieViewer.xcdatamodeld */ = {
			isa = XCVersionGroup;
			children = (
				31782D402519F21400D77CA8 /* MovieViewer.xcdatamodel */,
			);
			currentVersion = 31782D402519F21400D77CA8 /* MovieViewer.xcdatamodel */;
			path = MovieViewer.xcdatamodeld;
			sourceTree = "<group>";
			versionGroupType = wrapper.xcdatamodel;
		};
/* End XCVersionGroup section */
	};
	rootObject = 31782D2B2519F21400D77CA8 /* Project object */;
}
